
Microsoft Visual Studio Solution File, Format Version 12.00
# Visual Studio Version 17
VisualStudioVersion = 17.6.33829.357
MinimumVisualStudioVersion = 10.0.40219.1
Project("{FAE04EC0-301F-11D3-BF4B-00C04F79EFBC}") = "login_web", "login_web.csproj", "{12414C59-2FBB-4F01-836B-E18FC7DF29E3}"
EndProject
Global
	GlobalSection(SolutionConfigurationPlatforms) = preSolution
		Debug|Any CPU = Debug|Any CPU
		Release|Any CPU = Release|Any CPU
	EndGlobalSection
	GlobalSection(ProjectConfigurationPlatforms) = postSolution
		{12414C59-2FBB-4F01-836B-E18FC7DF29E3}.Debug|Any CPU.ActiveCfg = Debug|Any CPU
		{12414C59-2FBB-4F01-836B-E18FC7DF29E3}.Debug|Any CPU.Build.0 = Debug|Any CPU
		{12414C59-2FBB-4F01-836B-E18FC7DF29E3}.Release|Any CPU.ActiveCfg = Release|Any CPU
		{12414C59-2FBB-4F01-836B-E18FC7DF29E3}.Release|Any CPU.Build.0 = Release|Any CPU
	EndGlobalSection
	GlobalSection(SolutionProperties) = preSolution
		HideSolutionNode = FALSE
	EndGlobalSection
	GlobalSection(ExtensibilityGlobals) = postSolution
		SolutionGuid = {639B4CFD-0E03-46A6-B928-ED9A80DE8CEE}
	EndGlobalSection
EndGlobal
